
Microsoft Visual Studio Solution File, Format Version 12.00
# Visual Studio Version 17
VisualStudioVersion = 17.8.34309.116
MinimumVisualStudioVersion = 10.0.40219.1
Project("{FAE04EC0-301F-11D3-BF4B-00C04F79EFBC}") = "WinFormsApp1", "WinFormsApp1\WinFormsApp1.csproj", "{F2BB47AC-7F72-44C4-9A74-262B56B7B7DE}"
EndProject
Global
	GlobalSection(SolutionConfigurationPlatforms) = preSolution
		Debug|Any CPU = Debug|Any CPU
		Release|Any CPU = Release|Any CPU
	EndGlobalSection
	GlobalSection(ProjectConfigurationPlatforms) = postSolution
		{F2BB47AC-7F72-44C4-9A74-262B56B7B7DE}.Debug|Any CPU.ActiveCfg = Debug|Any CPU
		{F2BB47AC-7F72-44C4-9A74-262B56B7B7DE}.Debug|Any CPU.Build.0 = Debug|Any CPU
		{F2BB47AC-7F72-44C4-9A74-262B56B7B7DE}.Release|Any CPU.ActiveCfg = Release|Any CPU
		{F2BB47AC-7F72-44C4-9A74-262B56B7B7DE}.Release|Any CPU.Build.0 = Release|Any CPU
	EndGlobalSection
	GlobalSection(SolutionProperties) = preSolution
		HideSolutionNode = FALSE
	EndGlobalSection
	GlobalSection(ExtensibilityGlobals) = postSolution
		SolutionGuid = {10FE51CE-F11C-4005-BDBD-9C4F13BBFE28}
	EndGlobalSection
EndGlobal
